
Microsoft Visual Studio Solution File, Format Version 12.00
# Visual Studio 15
VisualStudioVersion = 15.0.28010.2050
MinimumVisualStudioVersion = 10.0.40219.1
Project("{F184B08F-C81C-45F6-A57F-5ABD9991F28F}") = "WorkingWithData", "WorkingWithData\WorkingWithData.vbproj", "{DBEF29BB-0BEA-4C53-876D-6AC419C9E703}"
EndProject
Global
	GlobalSection(SolutionConfigurationPlatforms) = preSolution
		Debug|Any CPU = Debug|Any CPU
		Release|Any CPU = Release|Any CPU
	EndGlobalSection
	GlobalSection(ProjectConfigurationPlatforms) = postSolution
		{DBEF29BB-0BEA-4C53-876D-6AC419C9E703}.Debug|Any CPU.ActiveCfg = Debug|Any CPU
		{DBEF29BB-0BEA-4C53-876D-6AC419C9E703}.Debug|Any CPU.Build.0 = Debug|Any CPU
		{DBEF29BB-0BEA-4C53-876D-6AC419C9E703}.Release|Any CPU.ActiveCfg = Release|Any CPU
		{DBEF29BB-0BEA-4C53-876D-6AC419C9E703}.Release|Any CPU.Build.0 = Release|Any CPU
	EndGlobalSection
	GlobalSection(SolutionProperties) = preSolution
		HideSolutionNode = FALSE
	EndGlobalSection
	GlobalSection(ExtensibilityGlobals) = postSolution
		SolutionGuid = {EE2D98A6-3DCB-46F0-9215-178890A1690B}
	EndGlobalSection
EndGlobal
